
Microsoft Visual Studio Solution File, Format Version 12.00
# Visual Studio Version 17
VisualStudioVersion = 17.12.35527.113 d17.12
MinimumVisualStudioVersion = 10.0.40219.1
Project("{FAE04EC0-301F-11D3-BF4B-00C04F79EFBC}") = "Aero.WebApi", "Aero.WebApi\Aero.WebApi.csproj", "{C81D4989-3458-48DF-B1DD-F2E0DC247710}"
EndProject
Project("{2150E333-8FDC-42A3-9474-1A3956D46DE8}") = "Solution Items", "Solution Items", "{6301F0A7-6FDA-409D-B733-453764FB8C9B}"
	ProjectSection(SolutionItems) = preProject
		compose.yaml = compose.yaml
		Configuration\serilog.json = Configuration\serilog.json
		Configuration\apis.json = Configuration\apis.json
		Configuration\databases.json = Configuration\databases.json
		Configuration\environment.Development.json = Configuration\environment.Development.json
		Configuration\environment.json = Configuration\environment.json
	EndProjectSection
EndProject
Project("{FAE04EC0-301F-11D3-BF4B-00C04F79EFBC}") = "Aero.Worker", "Aero.Worker\Aero.Worker.csproj", "{94DC5140-60E8-4E5D-BFF6-502823E256D4}"
EndProject
Project("{FAE04EC0-301F-11D3-BF4B-00C04F79EFBC}") = "Aero.Application", "Aero.Application\Aero.Application.csproj", "{D660B74E-E0CF-49BC-B971-C3BB5BD154C7}"
EndProject
Project("{FAE04EC0-301F-11D3-BF4B-00C04F79EFBC}") = "MDH.DatabaseAccess", "MDH.DatabaseAccess\MDH.DatabaseAccess.csproj", "{F0CC6989-AC80-441E-AB14-78FD833C5F01}"
EndProject
Project("{2150E333-8FDC-42A3-9474-1A3956D46DE8}") = "DataAccess", "DataAccess", "{92E267C6-9465-4C7C-AD24-9124FBBD23D7}"
EndProject
Project("{FAE04EC0-301F-11D3-BF4B-00C04F79EFBC}") = "Aero.Base", "Aero.Base\Aero.Base.csproj", "{986A661F-4208-48ED-9236-AC1D94493B8D}"
EndProject
Project("{FAE04EC0-301F-11D3-BF4B-00C04F79EFBC}") = "Aero.Worker.WebApi", "Aero.Worker.WebApi\Aero.Worker.WebApi.csproj", "{4E4E2F85-DA70-41A5-82BE-AACFC9D801C0}"
EndProject
Project("{FAE04EC0-301F-11D3-BF4B-00C04F79EFBC}") = "Tennaxia.ApiAccess", "Tennaxia.ApiAccess\Tennaxia.ApiAccess.csproj", "{209CF016-EFFC-4D8E-A509-D08B96296D99}"
EndProject
Global
	GlobalSection(SolutionConfigurationPlatforms) = preSolution
		Debug|Any CPU = Debug|Any CPU
		Release|Any CPU = Release|Any CPU
	EndGlobalSection
	GlobalSection(ProjectConfigurationPlatforms) = postSolution
		{C81D4989-3458-48DF-B1DD-F2E0DC247710}.Debug|Any CPU.ActiveCfg = Debug|Any CPU
		{C81D4989-3458-48DF-B1DD-F2E0DC247710}.Debug|Any CPU.Build.0 = Debug|Any CPU
		{C81D4989-3458-48DF-B1DD-F2E0DC247710}.Release|Any CPU.ActiveCfg = Release|Any CPU
		{C81D4989-3458-48DF-B1DD-F2E0DC247710}.Release|Any CPU.Build.0 = Release|Any CPU
		{94DC5140-60E8-4E5D-BFF6-502823E256D4}.Debug|Any CPU.ActiveCfg = Debug|Any CPU
		{94DC5140-60E8-4E5D-BFF6-502823E256D4}.Debug|Any CPU.Build.0 = Debug|Any CPU
		{94DC5140-60E8-4E5D-BFF6-502823E256D4}.Release|Any CPU.ActiveCfg = Release|Any CPU
		{94DC5140-60E8-4E5D-BFF6-502823E256D4}.Release|Any CPU.Build.0 = Release|Any CPU
		{D660B74E-E0CF-49BC-B971-C3BB5BD154C7}.Debug|Any CPU.ActiveCfg = Debug|Any CPU
		{D660B74E-E0CF-49BC-B971-C3BB5BD154C7}.Debug|Any CPU.Build.0 = Debug|Any CPU
		{D660B74E-E0CF-49BC-B971-C3BB5BD154C7}.Release|Any CPU.ActiveCfg = Release|Any CPU
		{D660B74E-E0CF-49BC-B971-C3BB5BD154C7}.Release|Any CPU.Build.0 = Release|Any CPU
		{F0CC6989-AC80-441E-AB14-78FD833C5F01}.Debug|Any CPU.ActiveCfg = Debug|Any CPU
		{F0CC6989-AC80-441E-AB14-78FD833C5F01}.Debug|Any CPU.Build.0 = Debug|Any CPU
		{F0CC6989-AC80-441E-AB14-78FD833C5F01}.Release|Any CPU.ActiveCfg = Release|Any CPU
		{F0CC6989-AC80-441E-AB14-78FD833C5F01}.Release|Any CPU.Build.0 = Release|Any CPU
		{986A661F-4208-48ED-9236-AC1D94493B8D}.Debug|Any CPU.ActiveCfg = Debug|Any CPU
		{986A661F-4208-48ED-9236-AC1D94493B8D}.Debug|Any CPU.Build.0 = Debug|Any CPU
		{986A661F-4208-48ED-9236-AC1D94493B8D}.Release|Any CPU.ActiveCfg = Release|Any CPU
		{986A661F-4208-48ED-9236-AC1D94493B8D}.Release|Any CPU.Build.0 = Release|Any CPU
		{4E4E2F85-DA70-41A5-82BE-AACFC9D801C0}.Debug|Any CPU.ActiveCfg = Debug|Any CPU
		{4E4E2F85-DA70-41A5-82BE-AACFC9D801C0}.Debug|Any CPU.Build.0 = Debug|Any CPU
		{4E4E2F85-DA70-41A5-82BE-AACFC9D801C0}.Release|Any CPU.ActiveCfg = Release|Any CPU
		{4E4E2F85-DA70-41A5-82BE-AACFC9D801C0}.Release|Any CPU.Build.0 = Release|Any CPU
		{209CF016-EFFC-4D8E-A509-D08B96296D99}.Debug|Any CPU.ActiveCfg = Debug|Any CPU
		{209CF016-EFFC-4D8E-A509-D08B96296D99}.Debug|Any CPU.Build.0 = Debug|Any CPU
		{209CF016-EFFC-4D8E-A509-D08B96296D99}.Release|Any CPU.ActiveCfg = Release|Any CPU
		{209CF016-EFFC-4D8E-A509-D08B96296D99}.Release|Any CPU.Build.0 = Release|Any CPU
	EndGlobalSection
	GlobalSection(SolutionProperties) = preSolution
		HideSolutionNode = FALSE
	EndGlobalSection
	GlobalSection(NestedProjects) = preSolution
		{F0CC6989-AC80-441E-AB14-78FD833C5F01} = {92E267C6-9465-4C7C-AD24-9124FBBD23D7}
		{209CF016-EFFC-4D8E-A509-D08B96296D99} = {92E267C6-9465-4C7C-AD24-9124FBBD23D7}
	EndGlobalSection
EndGlobal
